
Microsoft Visual Studio Solution File, Format Version 12.00
# Visual Studio Version 16
VisualStudioVersion = 16.0.31515.178
MinimumVisualStudioVersion = 10.0.40219.1
Project("{FAE04EC0-301F-11D3-BF4B-00C04F79EFBC}") = "MarxDev.Tasks.MultithreadingSql", "MarxDev.Tasks.MultithreadingSql\MarxDev.Tasks.MultithreadingSql.csproj", "{C6DA85B1-28BE-4C7E-A370-16E3747F769E}"
EndProject
Global
	GlobalSection(SolutionConfigurationPlatforms) = preSolution
		Debug|Any CPU = Debug|Any CPU
		Release|Any CPU = Release|Any CPU
	EndGlobalSection
	GlobalSection(ProjectConfigurationPlatforms) = postSolution
		{C6DA85B1-28BE-4C7E-A370-16E3747F769E}.Debug|Any CPU.ActiveCfg = Debug|Any CPU
		{C6DA85B1-28BE-4C7E-A370-16E3747F769E}.Debug|Any CPU.Build.0 = Debug|Any CPU
		{C6DA85B1-28BE-4C7E-A370-16E3747F769E}.Release|Any CPU.ActiveCfg = Release|Any CPU
		{C6DA85B1-28BE-4C7E-A370-16E3747F769E}.Release|Any CPU.Build.0 = Release|Any CPU
	EndGlobalSection
	GlobalSection(SolutionProperties) = preSolution
		HideSolutionNode = FALSE
	EndGlobalSection
	GlobalSection(ExtensibilityGlobals) = postSolution
		SolutionGuid = {1A3D7591-AE36-4ED1-B5BC-73CA6C9B7C35}
	EndGlobalSection
EndGlobal
